
Microsoft Visual Studio Solution File, Format Version 12.00
# Visual Studio Version 16
VisualStudioVersion = 16.0.30907.101
MinimumVisualStudioVersion = 10.0.40219.1
Project("{FAE04EC0-301F-11D3-BF4B-00C04F79EFBC}") = "DataTypesPt2", "DataTypesPt2.csproj", "{67532DBA-B6C9-4CB9-8FE6-9607E138863C}"
EndProject
Global
	GlobalSection(SolutionConfigurationPlatforms) = preSolution
		Debug|Any CPU = Debug|Any CPU
		Release|Any CPU = Release|Any CPU
	EndGlobalSection
	GlobalSection(ProjectConfigurationPlatforms) = postSolution
		{67532DBA-B6C9-4CB9-8FE6-9607E138863C}.Debug|Any CPU.ActiveCfg = Debug|Any CPU
		{67532DBA-B6C9-4CB9-8FE6-9607E138863C}.Debug|Any CPU.Build.0 = Debug|Any CPU
		{67532DBA-B6C9-4CB9-8FE6-9607E138863C}.Release|Any CPU.ActiveCfg = Release|Any CPU
		{67532DBA-B6C9-4CB9-8FE6-9607E138863C}.Release|Any CPU.Build.0 = Release|Any CPU
	EndGlobalSection
	GlobalSection(SolutionProperties) = preSolution
		HideSolutionNode = FALSE
	EndGlobalSection
	GlobalSection(ExtensibilityGlobals) = postSolution
		SolutionGuid = {F6591E35-9304-40C9-AEF3-AE4E537DA9B9}
	EndGlobalSection
EndGlobal
